// !$*UTF8*$!
{
	archiveVersion = 1;
	classes = {
	};
	objectVersion = 46;
	objects = {

/* Begin PBXBuildFile section */
		002D9DF71BE0567A004C85F6 /* AppDelegate.swift in Sources */ = {isa = PBXBuildFile; fileRef = 002D9DF61BE0567A004C85F6 /* AppDelegate.swift */; };
		002D9DF91BE0567A004C85F6 /* MasterViewController.swift in Sources */ = {isa = PBXBuildFile; fileRef = 002D9DF81BE0567A004C85F6 /* MasterViewController.swift */; };
		002D9DFB1BE0567A004C85F6 /* DetailViewController.swift in Sources */ = {isa = PBXBuildFile; fileRef = 002D9DFA1BE0567A004C85F6 /* DetailViewController.swift */; };
		002D9DFE1BE0567A004C85F6 /* Main.storyboard in Resources */ = {isa = PBXBuildFile; fileRef = 002D9DFC1BE0567A004C85F6 /* Main.storyboard */; };
		002D9E001BE0567A004C85F6 /* Assets.xcassets in Resources */ = {isa = PBXBuildFile; fileRef = 002D9DFF1BE0567A004C85F6 /* Assets.xcassets */; };
		002D9E031BE0567A004C85F6 /* LaunchScreen.storyboard in Resources */ = {isa = PBXBuildFile; fileRef = 002D9E011BE0567A004C85F6 /* LaunchScreen.storyboard */; };
		002D9E0E1BE0567A004C85F6 /* HackerNewsAppTests.swift in Sources */ = {isa = PBXBuildFile; fileRef = 002D9E0D1BE0567A004C85F6 /* HackerNewsAppTests.swift */; };
		002D9E191BE0567A004C85F6 /* HackerNewsAppUITests.swift in Sources */ = {isa = PBXBuildFile; fileRef = 002D9E181BE0567A004C85F6 /* HackerNewsAppUITests.swift */; };
/* End PBXBuildFile section */

/* Begin PBXContainerItemProxy section */
		002D9E0A1BE0567A004C85F6 /* PBXContainerItemProxy */ = {
			isa = PBXContainerItemProxy;
			containerPortal = 002D9DEB1BE0567A004C85F6 /* Project object */;
			proxyType = 1;
			remoteGlobalIDString = 002D9DF21BE0567A004C85F6;
			remoteInfo = HackerNewsApp;
		};
		002D9E151BE0567A004C85F6 /* PBXContainerItemProxy */ = {
			isa = PBXContainerItemProxy;
			containerPortal = 002D9DEB1BE0567A004C85F6 /* Project object */;
			proxyType = 1;
			remoteGlobalIDString = 002D9DF21BE0567A004C85F6;
			remoteInfo = HackerNewsApp;
		};
/* End PBXContainerItemProxy section */

/* Begin PBXFileReference section */
		002D9DF31BE0567A004C85F6 /* HackerNewsApp.app */ = {isa = PBXFileReference; explicitFileType = wrapper.application; includeInIndex = 0; path = HackerNewsApp.app; sourceTree = BUILT_PRODUCTS_DIR; };
		002D9DF61BE0567A004C85F6 /* AppDelegate.swift */ = {isa = PBXFileReference; lastKnownFileType = sourcecode.swift; path = AppDelegate.swift; sourceTree = "<group>"; };
		002D9DF81BE0567A004C85F6 /* MasterViewController.swift */ = {isa = PBXFileReference; lastKnownFileType = sourcecode.swift; path = MasterViewController.swift; sourceTree = "<group>"; };
		002D9DFA1BE0567A004C85F6 /* DetailViewController.swift */ = {isa = PBXFileReference; lastKnownFileType = sourcecode.swift; path = DetailViewController.swift; sourceTree = "<group>"; };
		002D9DFD1BE0567A004C85F6 /* Base */ = {isa = PBXFileReference; lastKnownFileType = file.storyboard; name = Base; path = Base.lproj/Main.storyboard; sourceTree = "<group>"; };
		002D9DFF1BE0567A004C85F6 /* Assets.xcassets */ = {isa = PBXFileReference; lastKnownFileType = folder.assetcatalog; path = Assets.xcassets; sourceTree = "<group>"; };
		002D9E021BE0567A004C85F6 /* Base */ = {isa = PBXFileReference; lastKnownFileType = file.storyboard; name = Base; path = Base.lproj/LaunchScreen.storyboard; sourceTree = "<group>"; };
		002D9E041BE0567A004C85F6 /* Info.plist */ = {isa = PBXFileReference; lastKnownFileType = text.plist.xml; path = Info.plist; sourceTree = "<group>"; };
		002D9E091BE0567A004C85F6 /* HackerNewsAppTests.xctest */ = {isa = PBXFileReference; explicitFileType = wrapper.cfbundle; includeInIndex = 0; path = HackerNewsAppTests.xctest; sourceTree = BUILT_PRODUCTS_DIR; };
		002D9E0D1BE0567A004C85F6 /* HackerNewsAppTests.swift */ = {isa = PBXFileReference; lastKnownFileType = sourcecode.swift; path = HackerNewsAppTests.swift; sourceTree = "<group>"; };
		002D9E0F1BE0567A004C85F6 /* Info.plist */ = {isa = PBXFileReference; lastKnownFileType = text.plist.xml; path = Info.plist; sourceTree = "<group>"; };
		002D9E141BE0567A004C85F6 /* HackerNewsAppUITests.xctest */ = {isa = PBXFileReference; explicitFileType = wrapper.cfbundle; includeInIndex = 0; path = HackerNewsAppUITests.xctest; sourceTree = BUILT_PRODUCTS_DIR; };
		002D9E181BE0567A004C85F6 /* HackerNewsAppUITests.swift */ = {isa = PBXFileReference; lastKnownFileType = sourcecode.swift; path = HackerNewsAppUITests.swift; sourceTree = "<group>"; };
		002D9E1A1BE0567A004C85F6 /* Info.plist */ = {isa = PBXFileReference; lastKnownFileType = text.plist.xml; path = Info.plist; sourceTree = "<group>"; };
/* End PBXFileReference section */

/* Begin PBXFrameworksBuildPhase section */
		002D9DF01BE0567A004C85F6 /* Frameworks */ = {
			isa = PBXFrameworksBuildPhase;
			buildActionMask = 2147483647;
			files = (
			);
			runOnlyForDeploymentPostprocessing = 0;
		};
		002D9E061BE0567A004C85F6 /* Frameworks */ = {
			isa = PBXFrameworksBuildPhase;
			buildActionMask = 2147483647;
			files = (
			);
			runOnlyForDeploymentPostprocessing = 0;
		};
		002D9E111BE0567A004C85F6 /* Frameworks */ = {
			isa = PBXFrameworksBuildPhase;
			buildActionMask = 2147483647;
			files = (
			);
			runOnlyForDeploymentPostprocessing = 0;
		};
/* End PBXFrameworksBuildPhase section */

/* Begin PBXGroup section */
		002D9DEA1BE0567A004C85F6 = {
			isa = PBXGroup;
			children = (
				002D9DF51BE0567A004C85F6 /* HackerNewsApp */,
				002D9E0C1BE0567A004C85F6 /* HackerNewsAppTests */,
				002D9E171BE0567A004C85F6 /* HackerNewsAppUITests */,
				002D9DF41BE0567A004C85F6 /* Products */,
			);
			sourceTree = "<group>";
		};
		002D9DF41BE0567A004C85F6 /* Products */ = {
			isa = PBXGroup;
			children = (
				002D9DF31BE0567A004C85F6 /* HackerNewsApp.app */,
				002D9E091BE0567A004C85F6 /* HackerNewsAppTests.xctest */,
				002D9E141BE0567A004C85F6 /* HackerNewsAppUITests.xctest */,
			);
			name = Products;
			sourceTree = "<group>";
		};
		002D9DF51BE0567A004C85F6 /* HackerNewsApp */ = {
			isa = PBXGroup;
			children = (
				002D9DF61BE0567A004C85F6 /* AppDelegate.swift */,
				002D9DF81BE0567A004C85F6 /* MasterViewController.swift */,
				002D9DFA1BE0567A004C85F6 /* DetailViewController.swift */,
				002D9DFC1BE0567A004C85F6 /* Main.storyboard */,
				002D9DFF1BE0567A004C85F6 /* Assets.xcassets */,
				002D9E011BE0567A004C85F6 /* LaunchScreen.storyboard */,
				002D9E041BE0567A004C85F6 /* Info.plist */,
			);
			path = HackerNewsApp;
			sourceTree = "<group>";
		};
		002D9E0C1BE0567A004C85F6 /* HackerNewsAppTests */ = {
			isa = PBXGroup;
			children = (
				002D9E0D1BE0567A004C85F6 /* HackerNewsAppTests.swift */,
				002D9E0F1BE0567A004C85F6 /* Info.plist */,
			);
			path = HackerNewsAppTests;
			sourceTree = "<group>";
		};
		002D9E171BE0567A004C85F6 /* HackerNewsAppUITests */ = {
			isa = PBXGroup;
			children = (
				002D9E181BE0567A004C85F6 /* HackerNewsAppUITests.swift */,
				002D9E1A1BE0567A004C85F6 /* Info.plist */,
			);
			path = HackerNewsAppUITests;
			sourceTree = "<group>";
		};
/* End PBXGroup section */

/* Begin PBXNativeTarget section */
		002D9DF21BE0567A004C85F6 /* HackerNewsApp */ = {
			isa = PBXNativeTarget;
			buildConfigurationList = 002D9E1D1BE0567A004C85F6 /* Build configuration list for PBXNativeTarget "HackerNewsApp" */;
			buildPhases = (
				002D9DEF1BE0567A004C85F6 /* Sources */,
				002D9DF01BE0567A004C85F6 /* Frameworks */,
				002D9DF11BE0567A004C85F6 /* Resources */,
			);
			buildRules = (
			);
			dependencies = (
			);
			name = HackerNewsApp;
			productName = HackerNewsApp;
			productReference = 002D9DF31BE0567A004C85F6 /* HackerNewsApp.app */;
			productType = "com.apple.product-type.application";
		};
		002D9E081BE0567A004C85F6 /* HackerNewsAppTests */ = {
			isa = PBXNativeTarget;
			buildConfigurationList = 002D9E201BE0567A004C85F6 /* Build configuration list for PBXNativeTarget "HackerNewsAppTests" */;
			buildPhases = (
				002D9E051BE0567A004C85F6 /* Sources */,
				002D9E061BE0567A004C85F6 /* Frameworks */,
				002D9E071BE0567A004C85F6 /* Resources */,
			);
			buildRules = (
			);
			dependencies = (
				002D9E0B1BE0567A004C85F6 /* PBXTargetDependency */,
			);
			name = HackerNewsAppTests;
			productName = HackerNewsAppTests;
			productReference = 002D9E091BE0567A004C85F6 /* HackerNewsAppTests.xctest */;
			productType = "com.apple.product-type.bundle.unit-test";
		};
		002D9E131BE0567A004C85F6 /* HackerNewsAppUITests */ = {
			isa = PBXNativeTarget;
			buildConfigurationList = 002D9E231BE0567A004C85F6 /* Build configuration list for PBXNativeTarget "HackerNewsAppUITests" */;
			buildPhases = (
				002D9E101BE0567A004C85F6 /* Sources */,
				002D9E111BE0567A004C85F6 /* Frameworks */,
				002D9E121BE0567A004C85F6 /* Resources */,
			);
			buildRules = (
			);
			dependencies = (
				002D9E161BE0567A004C85F6 /* PBXTargetDependency */,
			);
			name = HackerNewsAppUITests;
			productName = HackerNewsAppUITests;
			productReference = 002D9E141BE0567A004C85F6 /* HackerNewsAppUITests.xctest */;
			productType = "com.apple.product-type.bundle.ui-testing";
		};
/* End PBXNativeTarget section */

/* Begin PBXProject section */
		002D9DEB1BE0567A004C85F6 /* Project object */ = {
			isa = PBXProject;
			attributes = {
				LastUpgradeCheck = 0700;
				ORGANIZATIONNAME = "Tuukka Tallgren";
				TargetAttributes = {
					002D9DF21BE0567A004C85F6 = {
						CreatedOnToolsVersion = 7.0.1;
					};
					002D9E081BE0567A004C85F6 = {
						CreatedOnToolsVersion = 7.0.1;
						TestTargetID = 002D9DF21BE0567A004C85F6;
					};
					002D9E131BE0567A004C85F6 = {
						CreatedOnToolsVersion = 7.0.1;
						TestTargetID = 002D9DF21BE0567A004C85F6;
					};
				};
			};
			buildConfigurationList = 002D9DEE1BE0567A004C85F6 /* Build configuration list for PBXProject "HackerNewsApp" */;
			compatibilityVersion = "Xcode 3.2";
			developmentRegion = English;
			hasScannedForEncodings = 0;
			knownRegions = (
				en,
				Base,
			);
			mainGroup = 002D9DEA1BE0567A004C85F6;
			productRefGroup = 002D9DF41BE0567A004C85F6 /* Products */;
			projectDirPath = "";
			projectRoot = "";
			targets = (
				002D9DF21BE0567A004C85F6 /* HackerNewsApp */,
				002D9E081BE0567A004C85F6 /* HackerNewsAppTests */,
				002D9E131BE0567A004C85F6 /* HackerNewsAppUITests */,
			);
		};
/* End PBXProject section */

/* Begin PBXResourcesBuildPhase section */
		002D9DF11BE0567A004C85F6 /* Resources */ = {
			isa = PBXResourcesBuildPhase;
			buildActionMask = 2147483647;
			files = (
				002D9E031BE0567A004C85F6 /* LaunchScreen.storyboard in Resources */,
				002D9E001BE0567A004C85F6 /* Assets.xcassets in Resources */,
				002D9DFE1BE0567A004C85F6 /* Main.storyboard in Resources */,
			);
			runOnlyForDeploymentPostprocessing = 0;
		};
		002D9E071BE0567A004C85F6 /* Resources */ = {
			isa = PBXResourcesBuildPhase;
			buildActionMask = 2147483647;
			files = (
			);
			runOnlyForDeploymentPostprocessing = 0;
		};
		002D9E121BE0567A004C85F6 /* Resources */ = {
			isa = PBXResourcesBuildPhase;
			buildActionMask = 2147483647;
			files = (
			);
			runOnlyForDeploymentPostprocessing = 0;
		};
/* End PBXResourcesBuildPhase section */

/* Begin PBXSourcesBuildPhase section */
		002D9DEF1BE0567A004C85F6 /* Sources */ = {
			isa = PBXSourcesBuildPhase;
			buildActionMask = 2147483647;
			files = (
				002D9DFB1BE0567A004C85F6 /* DetailViewController.swift in Sources */,
				002D9DF91BE0567A004C85F6 /* MasterViewController.swift in Sources */,
				002D9DF71BE0567A004C85F6 /* AppDelegate.swift in Sources */,
			);
			runOnlyForDeploymentPostprocessing = 0;
		};
		002D9E051BE0567A004C85F6 /* Sources */ = {
			isa = PBXSourcesBuildPhase;
			buildActionMask = 2147483647;
			files = (
				002D9E0E1BE0567A004C85F6 /* HackerNewsAppTests.swift in Sources */,
			);
			runOnlyForDeploymentPostprocessing = 0;
		};
		002D9E101BE0567A004C85F6 /* Sources */ = {
			isa = PBXSourcesBuildPhase;
			buildActionMask = 2147483647;
			files = (
				002D9E191BE0567A004C85F6 /* HackerNewsAppUITests.swift in Sources */,
			);
			runOnlyForDeploymentPostprocessing = 0;
		};
/* End PBXSourcesBuildPhase section */

/* Begin PBXTargetDependency section */
		002D9E0B1BE0567A004C85F6 /* PBXTargetDependency */ = {
			isa = PBXTargetDependency;
			target = 002D9DF21BE0567A004C85F6 /* HackerNewsApp */;
			targetProxy = 002D9E0A1BE0567A004C85F6 /* PBXContainerItemProxy */;
		};
		002D9E161BE0567A004C85F6 /* PBXTargetDependency */ = {
			isa = PBXTargetDependency;
			target = 002D9DF21BE0567A004C85F6 /* HackerNewsApp */;
			targetProxy = 002D9E151BE0567A004C85F6 /* PBXContainerItemProxy */;
		};
/* End PBXTargetDependency section */

/* Begin PBXVariantGroup section */
		002D9DFC1BE0567A004C85F6 /* Main.storyboard */ = {
			isa = PBXVariantGroup;
			children = (
				002D9DFD1BE0567A004C85F6 /* Base */,
			);
			name = Main.storyboard;
			sourceTree = "<group>";
		};
		002D9E011BE0567A004C85F6 /* LaunchScreen.storyboard */ = {
			isa = PBXVariantGroup;
			children = (
				002D9E021BE0567A004C85F6 /* Base */,
			);
			name = LaunchScreen.storyboard;
			sourceTree = "<group>";
		};
/* End PBXVariantGroup section */

/* Begin XCBuildConfiguration section */
		002D9E1B1BE0567A004C85F6 /* Debug */ = {
			isa = XCBuildConfiguration;
			buildSettings = {
				ALWAYS_SEARCH_USER_PATHS = NO;
				CLANG_CXX_LANGUAGE_STANDARD = "gnu++0x";
				CLANG_CXX_LIBRARY = "libc++";
				CLANG_ENABLE_MODULES = YES;
				CLANG_ENABLE_OBJC_ARC = YES;
				CLANG_WARN_BOOL_CONVERSION = YES;
				CLANG_WARN_CONSTANT_CONVERSION = YES;
				CLANG_WARN_DIRECT_OBJC_ISA_USAGE = YES_ERROR;
				CLANG_WARN_EMPTY_BODY = YES;
				CLANG_WARN_ENUM_CONVERSION = YES;
				CLANG_WARN_INT_CONVERSION = YES;
				CLANG_WARN_OBJC_ROOT_CLASS = YES_ERROR;
				CLANG_WARN_UNREACHABLE_CODE = YES;
				CLANG_WARN__DUPLICATE_METHOD_MATCH = YES;
				"CODE_SIGN_IDENTITY[sdk=iphoneos*]" = "iPhone Developer";
				COPY_PHASE_STRIP = NO;
				DEBUG_INFORMATION_FORMAT = dwarf;
				ENABLE_STRICT_OBJC_MSGSEND = YES;
				ENABLE_TESTABILITY = YES;
				GCC_C_LANGUAGE_STANDARD = gnu99;
				GCC_DYNAMIC_NO_PIC = NO;
				GCC_NO_COMMON_BLOCKS = YES;
				GCC_OPTIMIZATION_LEVEL = 0;
				GCC_PREPROCESSOR_DEFINITIONS = (
					"DEBUG=1",
					"$(inherited)",
				);
				GCC_WARN_64_TO_32_BIT_CONVERSION = YES;
				GCC_WARN_ABOUT_RETURN_TYPE = YES_ERROR;
				GCC_WARN_UNDECLARED_SELECTOR = YES;
				GCC_WARN_UNINITIALIZED_AUTOS = YES_AGGRESSIVE;
				GCC_WARN_UNUSED_FUNCTION = YES;
				GCC_WARN_UNUSED_VARIABLE = YES;
				IPHONEOS_DEPLOYMENT_TARGET = 9.0;
				MTL_ENABLE_DEBUG_INFO = YES;
				ONLY_ACTIVE_ARCH = YES;
				SDKROOT = iphoneos;
				SWIFT_OPTIMIZATION_LEVEL = "-Onone";
			};
			name = Debug;
		};
		002D9E1C1BE0567A004C85F6 /* Release */ = {
			isa = XCBuildConfiguration;
			buildSettings = {
				ALWAYS_SEARCH_USER_PATHS = NO;
				CLANG_CXX_LANGUAGE_STANDARD = "gnu++0x";
				CLANG_CXX_LIBRARY = "libc++";
				CLANG_ENABLE_MODULES = YES;
				CLANG_ENABLE_OBJC_ARC = YES;
				CLANG_WARN_BOOL_CONVERSION = YES;
				CLANG_WARN_CONSTANT_CONVERSION = YES;
				CLANG_WARN_DIRECT_OBJC_ISA_USAGE = YES_ERROR;
				CLANG_WARN_EMPTY_BODY = YES;
				CLANG_WARN_ENUM_CONVERSION = YES;
				CLANG_WARN_INT_CONVERSION = YES;
				CLANG_WARN_OBJC_ROOT_CLASS = YES_ERROR;
				CLANG_WARN_UNREACHABLE_CODE = YES;
				CLANG_WARN__DUPLICATE_METHOD_MATCH = YES;
				"CODE_SIGN_IDENTITY[sdk=iphoneos*]" = "iPhone Developer";
				COPY_PHASE_STRIP = NO;
				DEBUG_INFORMATION_FORMAT = "dwarf-with-dsym";
				ENABLE_NS_ASSERTIONS = NO;
				ENABLE_STRICT_OBJC_MSGSEND = YES;
				GCC_C_LANGUAGE_STANDARD = gnu99;
				GCC_NO_COMMON_BLOCKS = YES;
				GCC_WARN_64_TO_32_BIT_CONVERSION = YES;
				GCC_WARN_ABOUT_RETURN_TYPE = YES_ERROR;
				GCC_WARN_UNDECLARED_SELECTOR = YES;
				GCC_WARN_UNINITIALIZED_AUTOS = YES_AGGRESSIVE;
				GCC_WARN_UNUSED_FUNCTION = YES;
				GCC_WARN_UNUSED_VARIABLE = YES;
				IPHONEOS_DEPLOYMENT_TARGET = 9.0;
				MTL_ENABLE_DEBUG_INFO = NO;
				SDKROOT = iphoneos;
				VALIDATE_PRODUCT = YES;
			};
			name = Release;
		};
		002D9E1E1BE0567A004C85F6 /* Debug */ = {
			isa = XCBuildConfiguration;
			buildSettings = {
				ASSETCATALOG_COMPILER_APPICON_NAME = AppIcon;
				INFOPLIST_FILE = HackerNewsApp/Info.plist;
				LD_RUNPATH_SEARCH_PATHS = "$(inherited) @executable_path/Frameworks";
				PRODUCT_BUNDLE_IDENTIFIER = fi.omenafarmari.HackerNewsApp;
				PRODUCT_NAME = "$(TARGET_NAME)";
			};
			name = Debug;
		};
		002D9E1F1BE0567A004C85F6 /* Release */ = {
			isa = XCBuildConfiguration;
			buildSettings = {
				ASSETCATALOG_COMPILER_APPICON_NAME = AppIcon;
				INFOPLIST_FILE = HackerNewsApp/Info.plist;
				LD_RUNPATH_SEARCH_PATHS = "$(inherited) @executable_path/Frameworks";
				PRODUCT_BUNDLE_IDENTIFIER = fi.omenafarmari.HackerNewsApp;
				PRODUCT_NAME = "$(TARGET_NAME)";
			};
			name = Release;
		};
		002D9E211BE0567A004C85F6 /* Debug */ = {
			isa = XCBuildConfiguration;
			buildSettings = {
				BUNDLE_LOADER = "$(TEST_HOST)";
				INFOPLIST_FILE = HackerNewsAppTests/Info.plist;
				LD_RUNPATH_SEARCH_PATHS = "$(inherited) @executable_path/Frameworks @loader_path/Frameworks";
				PRODUCT_BUNDLE_IDENTIFIER = fi.omenafarmari.HackerNewsAppTests;
				PRODUCT_NAME = "$(TARGET_NAME)";
				TEST_HOST = "$(BUILT_PRODUCTS_DIR)/HackerNewsApp.app/HackerNewsApp";
			};
			name = Debug;
		};
		002D9E221BE0567A004C85F6 /* Release */ = {
			isa = XCBuildConfiguration;
			buildSettings = {
				BUNDLE_LOADER = "$(TEST_HOST)";
				INFOPLIST_FILE = HackerNewsAppTests/Info.plist;
				LD_RUNPATH_SEARCH_PATHS = "$(inherited) @executable_path/Frameworks @loader_path/Frameworks";
				PRODUCT_BUNDLE_IDENTIFIER = fi.omenafarmari.HackerNewsAppTests;
				PRODUCT_NAME = "$(TARGET_NAME)";
				TEST_HOST = "$(BUILT_PRODUCTS_DIR)/HackerNewsApp.app/HackerNewsApp";
			};
			name = Release;
		};
		002D9E241BE0567A004C85F6 /* Debug */ = {
			isa = XCBuildConfiguration;
			buildSettings = {
				INFOPLIST_FILE = HackerNewsAppUITests/Info.plist;
				LD_RUNPATH_SEARCH_PATHS = "$(inherited) @executable_path/Frameworks @loader_path/Frameworks";
				PRODUCT_BUNDLE_IDENTIFIER = fi.omenafarmari.HackerNewsAppUITests;
				PRODUCT_NAME = "$(TARGET_NAME)";
				TEST_TARGET_NAME = HackerNewsApp;
				USES_XCTRUNNER = YES;
			};
			name = Debug;
		};
		002D9E251BE0567A004C85F6 /* Release */ = {
			isa = XCBuildConfiguration;
			buildSettings = {
				INFOPLIST_FILE = HackerNewsAppUITests/Info.plist;
				LD_RUNPATH_SEARCH_PATHS = "$(inherited) @executable_path/Frameworks @loader_path/Frameworks";
				PRODUCT_BUNDLE_IDENTIFIER = fi.omenafarmari.HackerNewsAppUITests;
				PRODUCT_NAME = "$(TARGET_NAME)";
				TEST_TARGET_NAME = HackerNewsApp;
				USES_XCTRUNNER = YES;
			};
			name = Release;
		};
/* End XCBuildConfiguration section */

/* Begin XCConfigurationList section */
		002D9DEE1BE0567A004C85F6 /* Build configuration list for PBXProject "HackerNewsApp" */ = {
			isa = XCConfigurationList;
			buildConfigurations = (
				002D9E1B1BE0567A004C85F6 /* Debug */,
				002D9E1C1BE0567A004C85F6 /* Release */,
			);
			defaultConfigurationIsVisible = 0;
			defaultConfigurationName = Release;
		};
		002D9E1D1BE0567A004C85F6 /* Build configuration list for PBXNativeTarget "HackerNewsApp" */ = {
			isa = XCConfigurationList;
			buildConfigurations = (
				002D9E1E1BE0567A004C85F6 /* Debug */,
				002D9E1F1BE0567A004C85F6 /* Release */,
			);
			defaultConfigurationIsVisible = 0;
		};
		002D9E201BE0567A004C85F6 /* Build configuration list for PBXNativeTarget "HackerNewsAppTests" */ = {
			isa = XCConfigurationList;
			buildConfigurations = (
				002D9E211BE0567A004C85F6 /* Debug */,
				002D9E221BE0567A004C85F6 /* Release */,
			);
			defaultConfigurationIsVisible = 0;
		};
		002D9E231BE0567A004C85F6 /* Build configuration list for PBXNativeTarget "HackerNewsAppUITests" */ = {
			isa = XCConfigurationList;
			buildConfigurations = (
				002D9E241BE0567A004C85F6 /* Debug */,
				002D9E251BE0567A004C85F6 /* Release */,
			);
			defaultConfigurationIsVisible = 0;
		};
/* End XCConfigurationList section */
	};
	rootObject = 002D9DEB1BE0567A004C85F6 /* Project object */;
}
